{
  "name": "telegram-face-capture-miniapp",
  "version": "1.0.0",
  "lockfileVersion": 3,
  "requires": true,
  "packages": {
    "": {
      "name": "telegram-face-capture-miniapp",
      "version": "1.0.0",
      "dependencies": {
        "@telegram-apps/sdk-react": "^3.0.0",
        "face-api.js": "^0.22.2",
        "react": "^18.2.0",
        "react-dom": "^18.2.0",
        "react-router-dom": "^6.14.0"
      },
      "devDependencies": {
        "@types/react": "^18.0.28",
        "@types/react-dom": "^18.0.11",
        "@types/react-router-dom": "^5.3.3",
        "typescript": "^5.1.3"
      }
    },
    "node_modules/@remix-run/router": {
      "version": "1.23.0",
      "resolved": "https://registry.npmjs.org/@remix-run/router/-/router-1.23.0.tgz",
      "integrity": "sha512-O3rHJzAQKamUz1fvE0Qaw0xSFqsA/yafi2iqeE0pvdFtCO1viYx8QL6f3Ln/aCCTLxs68SLf0KPM9eSeM8yBnA==",
      "license": "MIT",
      "engines": {
        "node": ">=14.0.0"
      }
    },
    "node_modules/@telegram-apps/bridge": {
      "version": "2.10.3",
      "resolved": "https://registry.npmjs.org/@telegram-apps/bridge/-/bridge-2.10.3.tgz",
      "integrity": "sha512-mjbpxynr6g5EOQlpxuKQxDN+UTrtKLWBfJQs8BLQX0dkZVL+r7nQNAVzY2NtJHLUUCA+eUccq+yF7NkesnY46g==",
      "license": "MIT",
      "dependencies": {
        "@telegram-apps/signals": "^1.1.2",
        "@telegram-apps/toolkit": "^2.1.3",
        "@telegram-apps/transformers": "^2.2.6",
        "@telegram-apps/types": "^2.0.3",
        "better-promises": "^0.4.1",
        "error-kid": "^0.0.7",
        "mitt": "^3.0.1",
        "valibot": "1.0.0"
      }
    },
    "node_modules/@telegram-apps/navigation": {
      "version": "1.0.14",
      "resolved": "https://registry.npmjs.org/@telegram-apps/navigation/-/navigation-1.0.14.tgz",
      "integrity": "sha512-bqNgF/J8Po7ZtsELm3E1a6aPr7awwxO3sIqD8J6u12urOlGoW5+1KxKKbkPa58mgXuQdsltd8apI+OVy0IYiUA==",
      "license": "MIT"
    },
    "node_modules/@telegram-apps/sdk": {
      "version": "3.11.4",
      "resolved": "https://registry.npmjs.org/@telegram-apps/sdk/-/sdk-3.11.4.tgz",
      "integrity": "sha512-en2yRVhKJwzKfT4TOAG8fwaZHAqB2CfMCE0AY7mx55+UKlPCDdRN2BVUOxdYabUoxglJUquCUpNWr4TXIeAfng==",
      "license": "MIT",
      "dependencies": {
        "@telegram-apps/bridge": "^2.10.3",
        "@telegram-apps/navigation": "^1.0.14",
        "@telegram-apps/signals": "^1.1.2",
        "@telegram-apps/toolkit": "^2.1.3",
        "@telegram-apps/transformers": "^2.2.6",
        "@telegram-apps/types": "^2.0.3",
        "better-promises": "^0.4.1",
        "error-kid": "^0.0.7",
        "valibot": "1.0.0"
      }
    },
    "node_modules/@telegram-apps/sdk-react": {
      "version": "3.3.6",
      "resolved": "https://registry.npmjs.org/@telegram-apps/sdk-react/-/sdk-react-3.3.6.tgz",
      "integrity": "sha512-v9y2eKoDmud04XNXEELnrE23lWN/Nav+Idfvzo+ilXU+bg8VDIYpECiGwfTUS50nZsJowrtcWOc/TystsZMYKA==",
      "license": "MIT",
      "dependencies": {
        "@telegram-apps/sdk": "^3.11.4"
      },
      "peerDependencies": {
        "@types/react": "^17.0.0 || ^18.0.0 || ^19.0.0",
        "react": "^17.0.0 || ^18.0.0 || ^19.0.0"
      },
      "peerDependenciesMeta": {
        "@types/react": {
          "optional": true
        }
      }
    },
    "node_modules/@telegram-apps/signals": {
      "version": "1.1.2",
      "resolved": "https://registry.npmjs.org/@telegram-apps/signals/-/signals-1.1.2.tgz",
      "integrity": "sha512-1P1kdCLX7MfETGPxH7f3UZKIsdE7Tz5S7QmN4Km1sbYQMakD5Bi1NecSMR7/wnHp50gWMI1JzENcMtCEmouhSg==",
      "license": "MIT"
    },
    "node_modules/@telegram-apps/toolkit": {
      "version": "2.1.3",
      "resolved": "https://registry.npmjs.org/@telegram-apps/toolkit/-/toolkit-2.1.3.tgz",
      "integrity": "sha512-LPUBL7hxQTOr+Dowyk9a1O82nQS4ja4+OYiYWtvqq5nNUHC6Gbbus0zGWCbFcj9CLnIzaeb5HWOg5iSnhoRcyg==",
      "license": "MIT"
    },
    "node_modules/@telegram-apps/transformers": {
      "version": "2.2.6",
      "resolved": "https://registry.npmjs.org/@telegram-apps/transformers/-/transformers-2.2.6.tgz",
      "integrity": "sha512-MMBRs3demeBT9Cd614KKZmak7eEyNdEbfu99a0SwEEJe2oIODjJLrUxrhUcAOc5wvTRfrKka27VXVgruauLhdg==",
      "license": "MIT",
      "dependencies": {
        "@telegram-apps/toolkit": "^2.1.3",
        "@telegram-apps/types": "^2.0.3",
        "valibot": "1.0.0-beta.14"
      }
    },
    "node_modules/@telegram-apps/transformers/node_modules/valibot": {
      "version": "1.0.0-beta.14",
      "resolved": "https://registry.npmjs.org/valibot/-/valibot-1.0.0-beta.14.tgz",
      "integrity": "sha512-tLyV2rE5QL6U29MFy3xt4AqMrn+/HErcp2ZThASnQvPMwfSozjV1uBGKIGiegtZIGjinJqn0SlBdannf18wENA==",
      "license": "MIT",
      "peerDependencies": {
        "typescript": ">=5"
      },
      "peerDependenciesMeta": {
        "typescript": {
          "optional": true
        }
      }
    },
    "node_modules/@telegram-apps/types": {
      "version": "2.0.3",
      "resolved": "https://registry.npmjs.org/@telegram-apps/types/-/types-2.0.3.tgz",
      "integrity": "sha512-pXh9BdnLZF3e2BGc4WL+RTRMAUpqKpaSP3Rs8rB4WyRwIoRSGWFKE4gtT/9m42LGixB8YVwdo/pJ+9XO765XEA==",
      "license": "MIT"
    },
    "node_modules/@tensorflow/tfjs-core": {
      "version": "1.7.0",
      "resolved": "https://registry.npmjs.org/@tensorflow/tfjs-core/-/tfjs-core-1.7.0.tgz",
      "integrity": "sha512-uwQdiklNjqBnHPeseOdG0sGxrI3+d6lybaKu2+ou3ajVeKdPEwpWbgqA6iHjq1iylnOGkgkbbnQ6r2lwkiIIHw==",
      "license": "Apache-2.0",
      "dependencies": {
        "@types/offscreencanvas": "~2019.3.0",
        "@types/seedrandom": "2.4.27",
        "@types/webgl-ext": "0.0.30",
        "@types/webgl2": "0.0.4",
        "node-fetch": "~2.1.2",
        "seedrandom": "2.4.3"
      },
      "engines": {
        "yarn": ">= 1.3.2"
      }
    },
    "node_modules/@types/history": {
      "version": "4.7.11",
      "resolved": "https://registry.npmjs.org/@types/history/-/history-4.7.11.tgz",
      "integrity": "sha512-qjDJRrmvBMiTx+jyLxvLfJU7UznFuokDv4f3WRuriHKERccVpFU+8XMQUAbDzoiJCsmexxRExQeMwwCdamSKDA==",
      "dev": true,
      "license": "MIT"
    },
    "node_modules/@types/offscreencanvas": {
      "version": "2019.3.0",
      "resolved": "https://registry.npmjs.org/@types/offscreencanvas/-/offscreencanvas-2019.3.0.tgz",
      "integrity": "sha512-esIJx9bQg+QYF0ra8GnvfianIY8qWB0GBx54PK5Eps6m+xTj86KLavHv6qDhzKcu5UUOgNfJ2pWaIIV7TRUd9Q==",
      "license": "MIT"
    },
    "node_modules/@types/prop-types": {
      "version": "15.7.15",
      "resolved": "https://registry.npmjs.org/@types/prop-types/-/prop-types-15.7.15.tgz",
      "integrity": "sha512-F6bEyamV9jKGAFBEmlQnesRPGOQqS2+Uwi0Em15xenOxHaf2hv6L8YCVn3rPdPJOiJfPiCnLIRyvwVaqMY3MIw==",
      "devOptional": true,
      "license": "MIT"
    },
    "node_modules/@types/react": {
      "version": "18.3.23",
      "resolved": "https://registry.npmjs.org/@types/react/-/react-18.3.23.tgz",
      "integrity": "sha512-/LDXMQh55EzZQ0uVAZmKKhfENivEvWz6E+EYzh+/MCjMhNsotd+ZHhBGIjFDTi6+fz0OhQQQLbTgdQIxxCsC0w==",
      "devOptional": true,
      "license": "MIT",
      "dependencies": {
        "@types/prop-types": "*",
        "csstype": "^3.0.2"
      }
    },
    "node_modules/@types/react-dom": {
      "version": "18.3.7",
      "resolved": "https://registry.npmjs.org/@types/react-dom/-/react-dom-18.3.7.tgz",
      "integrity": "sha512-MEe3UeoENYVFXzoXEWsvcpg6ZvlrFNlOQ7EOsvhI3CfAXwzPfO8Qwuxd40nepsYKqyyVQnTdEfv68q91yLcKrQ==",
      "dev": true,
      "license": "MIT",
      "peerDependencies": {
        "@types/react": "^18.0.0"
      }
    },
    "node_modules/@types/react-router": {
      "version": "5.1.20",
      "resolved": "https://registry.npmjs.org/@types/react-router/-/react-router-5.1.20.tgz",
      "integrity": "sha512-jGjmu/ZqS7FjSH6owMcD5qpq19+1RS9DeVRqfl1FeBMxTDQAGwlMWOcs52NDoXaNKyG3d1cYQFMs9rCrb88o9Q==",
      "dev": true,
      "license": "MIT",
      "dependencies": {
        "@types/history": "^4.7.11",
        "@types/react": "*"
      }
    },
    "node_modules/@types/react-router-dom": {
      "version": "5.3.3",
      "resolved": "https://registry.npmjs.org/@types/react-router-dom/-/react-router-dom-5.3.3.tgz",
      "integrity": "sha512-kpqnYK4wcdm5UaWI3fLcELopqLrHgLqNsdpHauzlQktfkHL3npOSwtj1Uz9oKBAzs7lFtVkV8j83voAz2D8fhw==",
      "dev": true,
      "license": "MIT",
      "dependencies": {
        "@types/history": "^4.7.11",
        "@types/react": "*",
        "@types/react-router": "*"
      }
    },
    "node_modules/@types/seedrandom": {
      "version": "2.4.27",
      "resolved": "https://registry.npmjs.org/@types/seedrandom/-/seedrandom-2.4.27.tgz",
      "integrity": "sha512-YvMLqFak/7rt//lPBtEHv3M4sRNA+HGxrhFZ+DQs9K2IkYJbNwVIb8avtJfhDiuaUBX/AW0jnjv48FV8h3u9bQ==",
      "license": "MIT"
    },
    "node_modules/@types/webgl-ext": {
      "version": "0.0.30",
      "resolved": "https://registry.npmjs.org/@types/webgl-ext/-/webgl-ext-0.0.30.tgz",
      "integrity": "sha512-LKVgNmBxN0BbljJrVUwkxwRYqzsAEPcZOe6S2T6ZaBDIrFp0qu4FNlpc5sM1tGbXUYFgdVQIoeLk1Y1UoblyEg==",
      "license": "MIT"
    },
    "node_modules/@types/webgl2": {
      "version": "0.0.4",
      "resolved": "https://registry.npmjs.org/@types/webgl2/-/webgl2-0.0.4.tgz",
      "integrity": "sha512-PACt1xdErJbMUOUweSrbVM7gSIYm1vTncW2hF6Os/EeWi6TXYAYMPp+8v6rzHmypE5gHrxaxZNXgMkJVIdZpHw==",
      "license": "MIT"
    },
    "node_modules/better-promises": {
      "version": "0.4.1",
      "resolved": "https://registry.npmjs.org/better-promises/-/better-promises-0.4.1.tgz",
      "integrity": "sha512-cDW7eMvhvCoWzSih5o/OxsAgTUfP05yGMq77xNZUTmcZoNU9vEeFZJ+yJJi4lnocvxFrVFKsG0Yxt7ZnuYJEig==",
      "license": "MIT",
      "dependencies": {
        "error-kid": "^0.0.7"
      }
    },
    "node_modules/csstype": {
      "version": "3.1.3",
      "devOptional": true,
      "license": "MIT"
    },
    "node_modules/error-kid": {
      "version": "0.0.7",
      "resolved": "https://registry.npmjs.org/error-kid/-/error-kid-0.0.7.tgz",
      "integrity": "sha512-8mFs7ZaDWlBFgjOy4lHLMCe2+KZfZXGx5GOgh2VQ/M1CCIvSWzbl2OMl+5fdZgrgoUfhTeF+NPhmqfEvUhN8yw==",
      "license": "MIT"
    },
    "node_modules/face-api.js": {
      "version": "0.22.2",
      "resolved": "https://registry.npmjs.org/face-api.js/-/face-api.js-0.22.2.tgz",
      "integrity": "sha512-9Bbv/yaBRTKCXjiDqzryeKhYxmgSjJ7ukvOvEBy6krA0Ah/vNBlsf7iBNfJljWiPA8Tys1/MnB3lyP2Hfmsuyw==",
      "license": "MIT",
      "dependencies": {
        "@tensorflow/tfjs-core": "1.7.0",
        "tslib": "^1.11.1"
      }
    },
    "node_modules/js-tokens": {
      "version": "4.0.0",
      "license": "MIT"
    },
    "node_modules/loose-envify": {
      "version": "1.4.0",
      "resolved": "https://registry.npmjs.org/loose-envify/-/loose-envify-1.4.0.tgz",
      "integrity": "sha512-lyuxPGr/Wfhrlem2CL/UcnUc1zcqKAImBDzukY7Y5F/yQiNdko6+fRLevlw1HgMySw7f611UIY408EtxRSoK3Q==",
      "license": "MIT",
      "dependencies": {
        "js-tokens": "^3.0.0 || ^4.0.0"
      },
      "bin": {
        "loose-envify": "cli.js"
      }
    },
    "node_modules/mitt": {
      "version": "3.0.1",
      "resolved": "https://registry.npmjs.org/mitt/-/mitt-3.0.1.tgz",
      "integrity": "sha512-vKivATfr97l2/QBCYAkXYDbrIWPM2IIKEl7YPhjCvKlG3kE2gm+uBo6nEXK3M5/Ffh/FLpKExzOQ3JJoJGFKBw==",
      "license": "MIT"
    },
    "node_modules/node-fetch": {
      "version": "2.1.2",
      "resolved": "https://registry.npmjs.org/node-fetch/-/node-fetch-2.1.2.tgz",
      "integrity": "sha512-IHLHYskTc2arMYsHZH82PVX8CSKT5lzb7AXeyO06QnjGDKtkv+pv3mEki6S7reB/x1QPo+YPxQRNEVgR5V/w3Q==",
      "license": "MIT",
      "engines": {
        "node": "4.x || >=6.0.0"
      }
    },
    "node_modules/react": {
      "version": "18.3.1",
      "resolved": "https://registry.npmjs.org/react/-/react-18.3.1.tgz",
      "integrity": "sha512-wS+hAgJShR0KhEvPJArfuPVN1+Hz1t0Y6n5jLrGQbkb4urgPE/0Rve+1kMB1v/oWgHgm4WIcV+i7F2pTVj+2iQ==",
      "license": "MIT",
      "dependencies": {
        "loose-envify": "^1.1.0"
      },
      "engines": {
        "node": ">=0.10.0"
      }
    },
    "node_modules/react-dom": {
      "version": "18.3.1",
      "resolved": "https://registry.npmjs.org/react-dom/-/react-dom-18.3.1.tgz",
      "integrity": "sha512-5m4nQKp+rZRb09LNH59GM4BxTh9251/ylbKIbpe7TpGxfJ+9kv6BLkLBXIjjspbgbnIBNqlI23tRnTWT0snUIw==",
      "license": "MIT",
      "dependencies": {
        "loose-envify": "^1.1.0",
        "scheduler": "^0.23.2"
      },
      "peerDependencies": {
        "react": "^18.3.1"
      }
    },
    "node_modules/react-router": {
      "version": "6.30.1",
      "resolved": "https://registry.npmjs.org/react-router/-/react-router-6.30.1.tgz",
      "integrity": "sha512-X1m21aEmxGXqENEPG3T6u0Th7g0aS4ZmoNynhbs+Cn+q+QGTLt+d5IQ2bHAXKzKcxGJjxACpVbnYQSCRcfxHlQ==",
      "license": "MIT",
      "dependencies": {
        "@remix-run/router": "1.23.0"
      },
      "engines": {
        "node": ">=14.0.0"
      },
      "peerDependencies": {
        "react": ">=16.8"
      }
    },
    "node_modules/react-router-dom": {
      "version": "6.30.1",
      "resolved": "https://registry.npmjs.org/react-router-dom/-/react-router-dom-6.30.1.tgz",
      "integrity": "sha512-llKsgOkZdbPU1Eg3zK8lCn+sjD9wMRZZPuzmdWWX5SUs8OFkN5HnFVC0u5KMeMaC9aoancFI/KoLuKPqN+hxHw==",
      "license": "MIT",
      "dependencies": {
        "@remix-run/router": "1.23.0",
        "react-router": "6.30.1"
      },
      "engines": {
        "node": ">=14.0.0"
      },
      "peerDependencies": {
        "react": ">=16.8",
        "react-dom": ">=16.8"
      }
    },
    "node_modules/scheduler": {
      "version": "0.23.2",
      "resolved": "https://registry.npmjs.org/scheduler/-/scheduler-0.23.2.tgz",
      "integrity": "sha512-UOShsPwz7NrMUqhR6t0hWjFduvOzbtv7toDH1/hIrfRNIDBnnBWd0CwJTGvTpngVlmwGCdP9/Zl/tVrDqcuYzQ==",
      "license": "MIT",
      "dependencies": {
        "loose-envify": "^1.1.0"
      }
    },
    "node_modules/seedrandom": {
      "version": "2.4.3",
      "resolved": "https://registry.npmjs.org/seedrandom/-/seedrandom-2.4.3.tgz",
      "integrity": "sha512-2CkZ9Wn2dS4mMUWQaXLsOAfGD+irMlLEeSP3cMxpGbgyOOzJGFa+MWCOMTOCMyZinHRPxyOj/S/C57li/1to6Q==",
      "license": "MIT"
    },
    "node_modules/tslib": {
      "version": "1.14.1",
      "resolved": "https://registry.npmjs.org/tslib/-/tslib-1.14.1.tgz",
      "integrity": "sha512-Xni35NKzjgMrwevysHTCArtLDpPvye8zV/0E4EyYn43P7/7qvQwPh9BGkHewbMulVntbigmcT7rdX3BNo9wRJg==",
      "license": "0BSD"
    },
    "node_modules/typescript": {
      "version": "5.8.3",
      "devOptional": true,
      "license": "Apache-2.0",
      "bin": {
        "tsc": "bin/tsc",
        "tsserver": "bin/tsserver"
      },
      "engines": {
        "node": ">=14.17"
      }
    },
    "node_modules/valibot": {
      "version": "1.0.0",
      "resolved": "https://registry.npmjs.org/valibot/-/valibot-1.0.0.tgz",
      "integrity": "sha512-1Hc0ihzWxBar6NGeZv7fPLY0QuxFMyxwYR2sF1Blu7Wq7EnremwY2W02tit2ij2VJT8HcSkHAQqmFfl77f73Yw==",
      "license": "MIT",
      "peerDependencies": {
        "typescript": ">=5"
      },
      "peerDependenciesMeta": {
        "typescript": {
          "optional": true
        }
      }
    }
  }
}
